
Microsoft Visual Studio Solution File, Format Version 12.00
# Visual Studio 14
VisualStudioVersion = 14.0.25123.0
MinimumVisualStudioVersion = 10.0.40219.1
Project("{FAE04EC0-301F-11D3-BF4B-00C04F79EFBC}") = "TwoCheckout.API", "TwoCheckout.API\TwoCheckout.API.csproj", "{BC45C844-5A86-41C5-A430-122D70369B3A}"
EndProject
Project("{FAE04EC0-301F-11D3-BF4B-00C04F79EFBC}") = "TwoCheckout.API.Tests", "TwoCheckout.API.Tests\TwoCheckout.API.Tests.csproj", "{4C1D198B-C288-4539-B710-05A811AA6A78}"
EndProject
Project("{2150E333-8FDC-42A3-9474-1A3956D46DE8}") = "Forms", "Forms", "{AE443A78-EACA-435B-9D15-5D89E93D96EE}"
	ProjectSection(SolutionItems) = preProject
		GenerateToken.html = GenerateToken.html
	EndProjectSection
EndProject
Global
	GlobalSection(SolutionConfigurationPlatforms) = preSolution
		Debug|Any CPU = Debug|Any CPU
		Release|Any CPU = Release|Any CPU
	EndGlobalSection
	GlobalSection(ProjectConfigurationPlatforms) = postSolution
		{BC45C844-5A86-41C5-A430-122D70369B3A}.Debug|Any CPU.ActiveCfg = Debug|Any CPU
		{BC45C844-5A86-41C5-A430-122D70369B3A}.Debug|Any CPU.Build.0 = Debug|Any CPU
		{BC45C844-5A86-41C5-A430-122D70369B3A}.Release|Any CPU.ActiveCfg = Release|Any CPU
		{BC45C844-5A86-41C5-A430-122D70369B3A}.Release|Any CPU.Build.0 = Release|Any CPU
		{4C1D198B-C288-4539-B710-05A811AA6A78}.Debug|Any CPU.ActiveCfg = Debug|Any CPU
		{4C1D198B-C288-4539-B710-05A811AA6A78}.Debug|Any CPU.Build.0 = Debug|Any CPU
		{4C1D198B-C288-4539-B710-05A811AA6A78}.Release|Any CPU.ActiveCfg = Release|Any CPU
		{4C1D198B-C288-4539-B710-05A811AA6A78}.Release|Any CPU.Build.0 = Release|Any CPU
	EndGlobalSection
	GlobalSection(SolutionProperties) = preSolution
		HideSolutionNode = FALSE
	EndGlobalSection
EndGlobal
